
Microsoft Visual Studio Solution File, Format Version 12.00
Project("{FAE04EC0-301F-11D3-BF4B-00C04F79EFBC}") = "WhereAreYou.TelegramBot", "WhereAreYou.TelegramBot\WhereAreYou.TelegramBot.csproj", "{F344BB3E-6F67-4B95-B433-D2B22AF25485}"
EndProject
Global
	GlobalSection(SolutionConfigurationPlatforms) = preSolution
		Debug|Any CPU = Debug|Any CPU
		Release|Any CPU = Release|Any CPU
	EndGlobalSection
	GlobalSection(ProjectConfigurationPlatforms) = postSolution
		{F344BB3E-6F67-4B95-B433-D2B22AF25485}.Debug|Any CPU.ActiveCfg = Debug|Any CPU
		{F344BB3E-6F67-4B95-B433-D2B22AF25485}.Debug|Any CPU.Build.0 = Debug|Any CPU
		{F344BB3E-6F67-4B95-B433-D2B22AF25485}.Release|Any CPU.ActiveCfg = Release|Any CPU
		{F344BB3E-6F67-4B95-B433-D2B22AF25485}.Release|Any CPU.Build.0 = Release|Any CPU
	EndGlobalSection
EndGlobal
